
Microsoft Visual Studio Solution File, Format Version 12.00
# Visual Studio Version 17
VisualStudioVersion = 17.6.33723.286
MinimumVisualStudioVersion = 10.0.40219.1
Project("{9A19103F-16F7-4668-BE54-9A1E7A4F7556}") = "aqrs_media.MediaAPI", "aqrs_media.WebAPI\aqrs_media.MediaAPI.csproj", "{EFD2D686-8468-4A8F-BC5E-107C62517B72}"
EndProject
Global
	GlobalSection(SolutionConfigurationPlatforms) = preSolution
		Debug|Any CPU = Debug|Any CPU
		Release|Any CPU = Release|Any CPU
	EndGlobalSection
	GlobalSection(ProjectConfigurationPlatforms) = postSolution
		{EFD2D686-8468-4A8F-BC5E-107C62517B72}.Debug|Any CPU.ActiveCfg = Debug|Any CPU
		{EFD2D686-8468-4A8F-BC5E-107C62517B72}.Debug|Any CPU.Build.0 = Debug|Any CPU
		{EFD2D686-8468-4A8F-BC5E-107C62517B72}.Release|Any CPU.ActiveCfg = Release|Any CPU
		{EFD2D686-8468-4A8F-BC5E-107C62517B72}.Release|Any CPU.Build.0 = Release|Any CPU
	EndGlobalSection
	GlobalSection(SolutionProperties) = preSolution
		HideSolutionNode = FALSE
	EndGlobalSection
	GlobalSection(ExtensibilityGlobals) = postSolution
		SolutionGuid = {F9BDBE0B-1748-46A6-BA5C-E16AEC80FD54}
	EndGlobalSection
EndGlobal
